// !$*UTF8*$!
{
	archiveVersion = 1;
	classes = {
	};
	objectVersion = 55;
	objects = {

/* Begin PBXBuildFile section */
		1289E903285482F30039D9BB /* AppDelegate.swift in Sources */ = {isa = PBXBuildFile; fileRef = 1289E902285482F30039D9BB /* AppDelegate.swift */; };
		1289E905285482F30039D9BB /* SceneDelegate.swift in Sources */ = {isa = PBXBuildFile; fileRef = 1289E904285482F30039D9BB /* SceneDelegate.swift */; };
		1289E907285482F30039D9BB /* ViewController.swift in Sources */ = {isa = PBXBuildFile; fileRef = 1289E906285482F30039D9BB /* ViewController.swift */; };
		1289E90A285482F30039D9BB /* Main.storyboard in Resources */ = {isa = PBXBuildFile; fileRef = 1289E908285482F30039D9BB /* Main.storyboard */; };
		1289E90C285482F40039D9BB /* Assets.xcassets in Resources */ = {isa = PBXBuildFile; fileRef = 1289E90B285482F40039D9BB /* Assets.xcassets */; };
		1289E90F285482F40039D9BB /* LaunchScreen.storyboard in Resources */ = {isa = PBXBuildFile; fileRef = 1289E90D285482F40039D9BB /* LaunchScreen.storyboard */; };
		1289E91A285482F40039D9BB /* CurrencyAppTests.swift in Sources */ = {isa = PBXBuildFile; fileRef = 1289E919285482F40039D9BB /* CurrencyAppTests.swift */; };
		1289E924285482F40039D9BB /* CurrencyAppUITests.swift in Sources */ = {isa = PBXBuildFile; fileRef = 1289E923285482F40039D9BB /* CurrencyAppUITests.swift */; };
		1289E926285482F40039D9BB /* CurrencyAppUITestsLaunchTests.swift in Sources */ = {isa = PBXBuildFile; fileRef = 1289E925285482F40039D9BB /* CurrencyAppUITestsLaunchTests.swift */; };
/* End PBXBuildFile section */

/* Begin PBXContainerItemProxy section */
		1289E916285482F40039D9BB /* PBXContainerItemProxy */ = {
			isa = PBXContainerItemProxy;
			containerPortal = 1289E8F7285482F30039D9BB /* Project object */;
			proxyType = 1;
			remoteGlobalIDString = 1289E8FE285482F30039D9BB;
			remoteInfo = CurrencyApp;
		};
		1289E920285482F40039D9BB /* PBXContainerItemProxy */ = {
			isa = PBXContainerItemProxy;
			containerPortal = 1289E8F7285482F30039D9BB /* Project object */;
			proxyType = 1;
			remoteGlobalIDString = 1289E8FE285482F30039D9BB;
			remoteInfo = CurrencyApp;
		};
/* End PBXContainerItemProxy section */

/* Begin PBXFileReference section */
		1289E8FF285482F30039D9BB /* CurrencyApp.app */ = {isa = PBXFileReference; explicitFileType = wrapper.application; includeInIndex = 0; path = CurrencyApp.app; sourceTree = BUILT_PRODUCTS_DIR; };
		1289E902285482F30039D9BB /* AppDelegate.swift */ = {isa = PBXFileReference; lastKnownFileType = sourcecode.swift; path = AppDelegate.swift; sourceTree = "<group>"; };
		1289E904285482F30039D9BB /* SceneDelegate.swift */ = {isa = PBXFileReference; lastKnownFileType = sourcecode.swift; path = SceneDelegate.swift; sourceTree = "<group>"; };
		1289E906285482F30039D9BB /* ViewController.swift */ = {isa = PBXFileReference; lastKnownFileType = sourcecode.swift; path = ViewController.swift; sourceTree = "<group>"; };
		1289E909285482F30039D9BB /* Base */ = {isa = PBXFileReference; lastKnownFileType = file.storyboard; name = Base; path = Base.lproj/Main.storyboard; sourceTree = "<group>"; };
		1289E90B285482F40039D9BB /* Assets.xcassets */ = {isa = PBXFileReference; lastKnownFileType = folder.assetcatalog; path = Assets.xcassets; sourceTree = "<group>"; };
		1289E90E285482F40039D9BB /* Base */ = {isa = PBXFileReference; lastKnownFileType = file.storyboard; name = Base; path = Base.lproj/LaunchScreen.storyboard; sourceTree = "<group>"; };
		1289E910285482F40039D9BB /* Info.plist */ = {isa = PBXFileReference; lastKnownFileType = text.plist.xml; path = Info.plist; sourceTree = "<group>"; };
		1289E915285482F40039D9BB /* CurrencyAppTests.xctest */ = {isa = PBXFileReference; explicitFileType = wrapper.cfbundle; includeInIndex = 0; path = CurrencyAppTests.xctest; sourceTree = BUILT_PRODUCTS_DIR; };
		1289E919285482F40039D9BB /* CurrencyAppTests.swift */ = {isa = PBXFileReference; lastKnownFileType = sourcecode.swift; path = CurrencyAppTests.swift; sourceTree = "<group>"; };
		1289E91F285482F40039D9BB /* CurrencyAppUITests.xctest */ = {isa = PBXFileReference; explicitFileType = wrapper.cfbundle; includeInIndex = 0; path = CurrencyAppUITests.xctest; sourceTree = BUILT_PRODUCTS_DIR; };
		1289E923285482F40039D9BB /* CurrencyAppUITests.swift */ = {isa = PBXFileReference; lastKnownFileType = sourcecode.swift; path = CurrencyAppUITests.swift; sourceTree = "<group>"; };
		1289E925285482F40039D9BB /* CurrencyAppUITestsLaunchTests.swift */ = {isa = PBXFileReference; lastKnownFileType = sourcecode.swift; path = CurrencyAppUITestsLaunchTests.swift; sourceTree = "<group>"; };
/* End PBXFileReference section */

/* Begin PBXFrameworksBuildPhase section */
		1289E8FC285482F30039D9BB /* Frameworks */ = {
			isa = PBXFrameworksBuildPhase;
			buildActionMask = 2147483647;
			files = (
			);
			runOnlyForDeploymentPostprocessing = 0;
		};
		1289E912285482F40039D9BB /* Frameworks */ = {
			isa = PBXFrameworksBuildPhase;
			buildActionMask = 2147483647;
			files = (
			);
			runOnlyForDeploymentPostprocessing = 0;
		};
		1289E91C285482F40039D9BB /* Frameworks */ = {
			isa = PBXFrameworksBuildPhase;
			buildActionMask = 2147483647;
			files = (
			);
			runOnlyForDeploymentPostprocessing = 0;
		};
/* End PBXFrameworksBuildPhase section */

/* Begin PBXGroup section */
		1289E8F6285482F30039D9BB = {
			isa = PBXGroup;
			children = (
				1289E901285482F30039D9BB /* CurrencyApp */,
				1289E918285482F40039D9BB /* CurrencyAppTests */,
				1289E922285482F40039D9BB /* CurrencyAppUITests */,
				1289E900285482F30039D9BB /* Products */,
			);
			sourceTree = "<group>";
		};
		1289E900285482F30039D9BB /* Products */ = {
			isa = PBXGroup;
			children = (
				1289E8FF285482F30039D9BB /* CurrencyApp.app */,
				1289E915285482F40039D9BB /* CurrencyAppTests.xctest */,
				1289E91F285482F40039D9BB /* CurrencyAppUITests.xctest */,
			);
			name = Products;
			sourceTree = "<group>";
		};
		1289E901285482F30039D9BB /* CurrencyApp */ = {
			isa = PBXGroup;
			children = (
				1289E902285482F30039D9BB /* AppDelegate.swift */,
				1289E904285482F30039D9BB /* SceneDelegate.swift */,
				1289E906285482F30039D9BB /* ViewController.swift */,
				1289E908285482F30039D9BB /* Main.storyboard */,
				1289E90B285482F40039D9BB /* Assets.xcassets */,
				1289E90D285482F40039D9BB /* LaunchScreen.storyboard */,
				1289E910285482F40039D9BB /* Info.plist */,
			);
			path = CurrencyApp;
			sourceTree = "<group>";
		};
		1289E918285482F40039D9BB /* CurrencyAppTests */ = {
			isa = PBXGroup;
			children = (
				1289E919285482F40039D9BB /* CurrencyAppTests.swift */,
			);
			path = CurrencyAppTests;
			sourceTree = "<group>";
		};
		1289E922285482F40039D9BB /* CurrencyAppUITests */ = {
			isa = PBXGroup;
			children = (
				1289E923285482F40039D9BB /* CurrencyAppUITests.swift */,
				1289E925285482F40039D9BB /* CurrencyAppUITestsLaunchTests.swift */,
			);
			path = CurrencyAppUITests;
			sourceTree = "<group>";
		};
/* End PBXGroup section */

/* Begin PBXNativeTarget section */
		1289E8FE285482F30039D9BB /* CurrencyApp */ = {
			isa = PBXNativeTarget;
			buildConfigurationList = 1289E929285482F40039D9BB /* Build configuration list for PBXNativeTarget "CurrencyApp" */;
			buildPhases = (
				1289E8FB285482F30039D9BB /* Sources */,
				1289E8FC285482F30039D9BB /* Frameworks */,
				1289E8FD285482F30039D9BB /* Resources */,
			);
			buildRules = (
			);
			dependencies = (
			);
			name = CurrencyApp;
			productName = CurrencyApp;
			productReference = 1289E8FF285482F30039D9BB /* CurrencyApp.app */;
			productType = "com.apple.product-type.application";
		};
		1289E914285482F40039D9BB /* CurrencyAppTests */ = {
			isa = PBXNativeTarget;
			buildConfigurationList = 1289E92C285482F40039D9BB /* Build configuration list for PBXNativeTarget "CurrencyAppTests" */;
			buildPhases = (
				1289E911285482F40039D9BB /* Sources */,
				1289E912285482F40039D9BB /* Frameworks */,
				1289E913285482F40039D9BB /* Resources */,
			);
			buildRules = (
			);
			dependencies = (
				1289E917285482F40039D9BB /* PBXTargetDependency */,
			);
			name = CurrencyAppTests;
			productName = CurrencyAppTests;
			productReference = 1289E915285482F40039D9BB /* CurrencyAppTests.xctest */;
			productType = "com.apple.product-type.bundle.unit-test";
		};
		1289E91E285482F40039D9BB /* CurrencyAppUITests */ = {
			isa = PBXNativeTarget;
			buildConfigurationList = 1289E92F285482F40039D9BB /* Build configuration list for PBXNativeTarget "CurrencyAppUITests" */;
			buildPhases = (
				1289E91B285482F40039D9BB /* Sources */,
				1289E91C285482F40039D9BB /* Frameworks */,
				1289E91D285482F40039D9BB /* Resources */,
			);
			buildRules = (
			);
			dependencies = (
				1289E921285482F40039D9BB /* PBXTargetDependency */,
			);
			name = CurrencyAppUITests;
			productName = CurrencyAppUITests;
			productReference = 1289E91F285482F40039D9BB /* CurrencyAppUITests.xctest */;
			productType = "com.apple.product-type.bundle.ui-testing";
		};
/* End PBXNativeTarget section */

/* Begin PBXProject section */
		1289E8F7285482F30039D9BB /* Project object */ = {
			isa = PBXProject;
			attributes = {
				BuildIndependentTargetsInParallel = 1;
				LastSwiftUpdateCheck = 1340;
				LastUpgradeCheck = 1340;
				TargetAttributes = {
					1289E8FE285482F30039D9BB = {
						CreatedOnToolsVersion = 13.4;
					};
					1289E914285482F40039D9BB = {
						CreatedOnToolsVersion = 13.4;
						TestTargetID = 1289E8FE285482F30039D9BB;
					};
					1289E91E285482F40039D9BB = {
						CreatedOnToolsVersion = 13.4;
						TestTargetID = 1289E8FE285482F30039D9BB;
					};
				};
			};
			buildConfigurationList = 1289E8FA285482F30039D9BB /* Build configuration list for PBXProject "CurrencyApp" */;
			compatibilityVersion = "Xcode 13.0";
			developmentRegion = en;
			hasScannedForEncodings = 0;
			knownRegions = (
				en,
				Base,
			);
			mainGroup = 1289E8F6285482F30039D9BB;
			productRefGroup = 1289E900285482F30039D9BB /* Products */;
			projectDirPath = "";
			projectRoot = "";
			targets = (
				1289E8FE285482F30039D9BB /* CurrencyApp */,
				1289E914285482F40039D9BB /* CurrencyAppTests */,
				1289E91E285482F40039D9BB /* CurrencyAppUITests */,
			);
		};
/* End PBXProject section */

/* Begin PBXResourcesBuildPhase section */
		1289E8FD285482F30039D9BB /* Resources */ = {
			isa = PBXResourcesBuildPhase;
			buildActionMask = 2147483647;
			files = (
				1289E90F285482F40039D9BB /* LaunchScreen.storyboard in Resources */,
				1289E90C285482F40039D9BB /* Assets.xcassets in Resources */,
				1289E90A285482F30039D9BB /* Main.storyboard in Resources */,
			);
			runOnlyForDeploymentPostprocessing = 0;
		};
		1289E913285482F40039D9BB /* Resources */ = {
			isa = PBXResourcesBuildPhase;
			buildActionMask = 2147483647;
			files = (
			);
			runOnlyForDeploymentPostprocessing = 0;
		};
		1289E91D285482F40039D9BB /* Resources */ = {
			isa = PBXResourcesBuildPhase;
			buildActionMask = 2147483647;
			files = (
			);
			runOnlyForDeploymentPostprocessing = 0;
		};
/* End PBXResourcesBuildPhase section */

/* Begin PBXSourcesBuildPhase section */
		1289E8FB285482F30039D9BB /* Sources */ = {
			isa = PBXSourcesBuildPhase;
			buildActionMask = 2147483647;
			files = (
				1289E907285482F30039D9BB /* ViewController.swift in Sources */,
				1289E903285482F30039D9BB /* AppDelegate.swift in Sources */,
				1289E905285482F30039D9BB /* SceneDelegate.swift in Sources */,
			);
			runOnlyForDeploymentPostprocessing = 0;
		};
		1289E911285482F40039D9BB /* Sources */ = {
			isa = PBXSourcesBuildPhase;
			buildActionMask = 2147483647;
			files = (
				1289E91A285482F40039D9BB /* CurrencyAppTests.swift in Sources */,
			);
			runOnlyForDeploymentPostprocessing = 0;
		};
		1289E91B285482F40039D9BB /* Sources */ = {
			isa = PBXSourcesBuildPhase;
			buildActionMask = 2147483647;
			files = (
				1289E924285482F40039D9BB /* CurrencyAppUITests.swift in Sources */,
				1289E926285482F40039D9BB /* CurrencyAppUITestsLaunchTests.swift in Sources */,
			);
			runOnlyForDeploymentPostprocessing = 0;
		};
/* End PBXSourcesBuildPhase section */

/* Begin PBXTargetDependency section */
		1289E917285482F40039D9BB /* PBXTargetDependency */ = {
			isa = PBXTargetDependency;
			target = 1289E8FE285482F30039D9BB /* CurrencyApp */;
			targetProxy = 1289E916285482F40039D9BB /* PBXContainerItemProxy */;
		};
		1289E921285482F40039D9BB /* PBXTargetDependency */ = {
			isa = PBXTargetDependency;
			target = 1289E8FE285482F30039D9BB /* CurrencyApp */;
			targetProxy = 1289E920285482F40039D9BB /* PBXContainerItemProxy */;
		};
/* End PBXTargetDependency section */

/* Begin PBXVariantGroup section */
		1289E908285482F30039D9BB /* Main.storyboard */ = {
			isa = PBXVariantGroup;
			children = (
				1289E909285482F30039D9BB /* Base */,
			);
			name = Main.storyboard;
			sourceTree = "<group>";
		};
		1289E90D285482F40039D9BB /* LaunchScreen.storyboard */ = {
			isa = PBXVariantGroup;
			children = (
				1289E90E285482F40039D9BB /* Base */,
			);
			name = LaunchScreen.storyboard;
			sourceTree = "<group>";
		};
/* End PBXVariantGroup section */

/* Begin XCBuildConfiguration section */
		1289E927285482F40039D9BB /* Debug */ = {
			isa = XCBuildConfiguration;
			buildSettings = {
				ALWAYS_SEARCH_USER_PATHS = NO;
				CLANG_ANALYZER_NONNULL = YES;
				CLANG_ANALYZER_NUMBER_OBJECT_CONVERSION = YES_AGGRESSIVE;
				CLANG_CXX_LANGUAGE_STANDARD = "gnu++17";
				CLANG_ENABLE_MODULES = YES;
				CLANG_ENABLE_OBJC_ARC = YES;
				CLANG_ENABLE_OBJC_WEAK = YES;
				CLANG_WARN_BLOCK_CAPTURE_AUTORELEASING = YES;
				CLANG_WARN_BOOL_CONVERSION = YES;
				CLANG_WARN_COMMA = YES;
				CLANG_WARN_CONSTANT_CONVERSION = YES;
				CLANG_WARN_DEPRECATED_OBJC_IMPLEMENTATIONS = YES;
				CLANG_WARN_DIRECT_OBJC_ISA_USAGE = YES_ERROR;
				CLANG_WARN_DOCUMENTATION_COMMENTS = YES;
				CLANG_WARN_EMPTY_BODY = YES;
				CLANG_WARN_ENUM_CONVERSION = YES;
				CLANG_WARN_INFINITE_RECURSION = YES;
				CLANG_WARN_INT_CONVERSION = YES;
				CLANG_WARN_NON_LITERAL_NULL_CONVERSION = YES;
				CLANG_WARN_OBJC_IMPLICIT_RETAIN_SELF = YES;
				CLANG_WARN_OBJC_LITERAL_CONVERSION = YES;
				CLANG_WARN_OBJC_ROOT_CLASS = YES_ERROR;
				CLANG_WARN_QUOTED_INCLUDE_IN_FRAMEWORK_HEADER = YES;
				CLANG_WARN_RANGE_LOOP_ANALYSIS = YES;
				CLANG_WARN_STRICT_PROTOTYPES = YES;
				CLANG_WARN_SUSPICIOUS_MOVE = YES;
				CLANG_WARN_UNGUARDED_AVAILABILITY = YES_AGGRESSIVE;
				CLANG_WARN_UNREACHABLE_CODE = YES;
				CLANG_WARN__DUPLICATE_METHOD_MATCH = YES;
				COPY_PHASE_STRIP = NO;
				DEBUG_INFORMATION_FORMAT = dwarf;
				ENABLE_STRICT_OBJC_MSGSEND = YES;
				ENABLE_TESTABILITY = YES;
				GCC_C_LANGUAGE_STANDARD = gnu11;
				GCC_DYNAMIC_NO_PIC = NO;
				GCC_NO_COMMON_BLOCKS = YES;
				GCC_OPTIMIZATION_LEVEL = 0;
				GCC_PREPROCESSOR_DEFINITIONS = (
					"DEBUG=1",
					"$(inherited)",
				);
				GCC_WARN_64_TO_32_BIT_CONVERSION = YES;
				GCC_WARN_ABOUT_RETURN_TYPE = YES_ERROR;
				GCC_WARN_UNDECLARED_SELECTOR = YES;
				GCC_WARN_UNINITIALIZED_AUTOS = YES_AGGRESSIVE;
				GCC_WARN_UNUSED_FUNCTION = YES;
				GCC_WARN_UNUSED_VARIABLE = YES;
				IPHONEOS_DEPLOYMENT_TARGET = 15.5;
				MTL_ENABLE_DEBUG_INFO = INCLUDE_SOURCE;
				MTL_FAST_MATH = YES;
				ONLY_ACTIVE_ARCH = YES;
				SDKROOT = iphoneos;
				SWIFT_ACTIVE_COMPILATION_CONDITIONS = DEBUG;
				SWIFT_OPTIMIZATION_LEVEL = "-Onone";
			};
			name = Debug;
		};
		1289E928285482F40039D9BB /* Release */ = {
			isa = XCBuildConfiguration;
			buildSettings = {
				ALWAYS_SEARCH_USER_PATHS = NO;
				CLANG_ANALYZER_NONNULL = YES;
				CLANG_ANALYZER_NUMBER_OBJECT_CONVERSION = YES_AGGRESSIVE;
				CLANG_CXX_LANGUAGE_STANDARD = "gnu++17";
				CLANG_ENABLE_MODULES = YES;
				CLANG_ENABLE_OBJC_ARC = YES;
				CLANG_ENABLE_OBJC_WEAK = YES;
				CLANG_WARN_BLOCK_CAPTURE_AUTORELEASING = YES;
				CLANG_WARN_BOOL_CONVERSION = YES;
				CLANG_WARN_COMMA = YES;
				CLANG_WARN_CONSTANT_CONVERSION = YES;
				CLANG_WARN_DEPRECATED_OBJC_IMPLEMENTATIONS = YES;
				CLANG_WARN_DIRECT_OBJC_ISA_USAGE = YES_ERROR;
				CLANG_WARN_DOCUMENTATION_COMMENTS = YES;
				CLANG_WARN_EMPTY_BODY = YES;
				CLANG_WARN_ENUM_CONVERSION = YES;
				CLANG_WARN_INFINITE_RECURSION = YES;
				CLANG_WARN_INT_CONVERSION = YES;
				CLANG_WARN_NON_LITERAL_NULL_CONVERSION = YES;
				CLANG_WARN_OBJC_IMPLICIT_RETAIN_SELF = YES;
				CLANG_WARN_OBJC_LITERAL_CONVERSION = YES;
				CLANG_WARN_OBJC_ROOT_CLASS = YES_ERROR;
				CLANG_WARN_QUOTED_INCLUDE_IN_FRAMEWORK_HEADER = YES;
				CLANG_WARN_RANGE_LOOP_ANALYSIS = YES;
				CLANG_WARN_STRICT_PROTOTYPES = YES;
				CLANG_WARN_SUSPICIOUS_MOVE = YES;
				CLANG_WARN_UNGUARDED_AVAILABILITY = YES_AGGRESSIVE;
				CLANG_WARN_UNREACHABLE_CODE = YES;
				CLANG_WARN__DUPLICATE_METHOD_MATCH = YES;
				COPY_PHASE_STRIP = NO;
				DEBUG_INFORMATION_FORMAT = "dwarf-with-dsym";
				ENABLE_NS_ASSERTIONS = NO;
				ENABLE_STRICT_OBJC_MSGSEND = YES;
				GCC_C_LANGUAGE_STANDARD = gnu11;
				GCC_NO_COMMON_BLOCKS = YES;
				GCC_WARN_64_TO_32_BIT_CONVERSION = YES;
				GCC_WARN_ABOUT_RETURN_TYPE = YES_ERROR;
				GCC_WARN_UNDECLARED_SELECTOR = YES;
				GCC_WARN_UNINITIALIZED_AUTOS = YES_AGGRESSIVE;
				GCC_WARN_UNUSED_FUNCTION = YES;
				GCC_WARN_UNUSED_VARIABLE = YES;
				IPHONEOS_DEPLOYMENT_TARGET = 15.5;
				MTL_ENABLE_DEBUG_INFO = NO;
				MTL_FAST_MATH = YES;
				SDKROOT = iphoneos;
				SWIFT_COMPILATION_MODE = wholemodule;
				SWIFT_OPTIMIZATION_LEVEL = "-O";
				VALIDATE_PRODUCT = YES;
			};
			name = Release;
		};
		1289E92A285482F40039D9BB /* Debug */ = {
			isa = XCBuildConfiguration;
			buildSettings = {
				ASSETCATALOG_COMPILER_APPICON_NAME = AppIcon;
				ASSETCATALOG_COMPILER_GLOBAL_ACCENT_COLOR_NAME = AccentColor;
				CODE_SIGN_STYLE = Automatic;
				CURRENT_PROJECT_VERSION = 1;
				DEVELOPMENT_TEAM = 59A85D2TBM;
				GENERATE_INFOPLIST_FILE = YES;
				INFOPLIST_FILE = CurrencyApp/Info.plist;
				INFOPLIST_KEY_UIApplicationSupportsIndirectInputEvents = YES;
				INFOPLIST_KEY_UILaunchStoryboardName = LaunchScreen;
				INFOPLIST_KEY_UIMainStoryboardFile = Main;
				INFOPLIST_KEY_UISupportedInterfaceOrientations_iPad = "UIInterfaceOrientationPortrait UIInterfaceOrientationPortraitUpsideDown UIInterfaceOrientationLandscapeLeft UIInterfaceOrientationLandscapeRight";
				INFOPLIST_KEY_UISupportedInterfaceOrientations_iPhone = "UIInterfaceOrientationPortrait UIInterfaceOrientationLandscapeLeft UIInterfaceOrientationLandscapeRight";
				LD_RUNPATH_SEARCH_PATHS = (
					"$(inherited)",
					"@executable_path/Frameworks",
				);
				MARKETING_VERSION = 1.0;
				PRODUCT_BUNDLE_IDENTIFIER = com.ykpoh.CurrencyApp;
				PRODUCT_NAME = "$(TARGET_NAME)";
				SWIFT_EMIT_LOC_STRINGS = YES;
				SWIFT_VERSION = 5.0;
				TARGETED_DEVICE_FAMILY = "1,2";
			};
			name = Debug;
		};
		1289E92B285482F40039D9BB /* Release */ = {
			isa = XCBuildConfiguration;
			buildSettings = {
				ASSETCATALOG_COMPILER_APPICON_NAME = AppIcon;
				ASSETCATALOG_COMPILER_GLOBAL_ACCENT_COLOR_NAME = AccentColor;
				CODE_SIGN_STYLE = Automatic;
				CURRENT_PROJECT_VERSION = 1;
				DEVELOPMENT_TEAM = 59A85D2TBM;
				GENERATE_INFOPLIST_FILE = YES;
				INFOPLIST_FILE = CurrencyApp/Info.plist;
				INFOPLIST_KEY_UIApplicationSupportsIndirectInputEvents = YES;
				INFOPLIST_KEY_UILaunchStoryboardName = LaunchScreen;
				INFOPLIST_KEY_UIMainStoryboardFile = Main;
				INFOPLIST_KEY_UISupportedInterfaceOrientations_iPad = "UIInterfaceOrientationPortrait UIInterfaceOrientationPortraitUpsideDown UIInterfaceOrientationLandscapeLeft UIInterfaceOrientationLandscapeRight";
				INFOPLIST_KEY_UISupportedInterfaceOrientations_iPhone = "UIInterfaceOrientationPortrait UIInterfaceOrientationLandscapeLeft UIInterfaceOrientationLandscapeRight";
				LD_RUNPATH_SEARCH_PATHS = (
					"$(inherited)",
					"@executable_path/Frameworks",
				);
				MARKETING_VERSION = 1.0;
				PRODUCT_BUNDLE_IDENTIFIER = com.ykpoh.CurrencyApp;
				PRODUCT_NAME = "$(TARGET_NAME)";
				SWIFT_EMIT_LOC_STRINGS = YES;
				SWIFT_VERSION = 5.0;
				TARGETED_DEVICE_FAMILY = "1,2";
			};
			name = Release;
		};
		1289E92D285482F40039D9BB /* Debug */ = {
			isa = XCBuildConfiguration;
			buildSettings = {
				ALWAYS_EMBED_SWIFT_STANDARD_LIBRARIES = YES;
				BUNDLE_LOADER = "$(TEST_HOST)";
				CODE_SIGN_STYLE = Automatic;
				CURRENT_PROJECT_VERSION = 1;
				DEVELOPMENT_TEAM = 59A85D2TBM;
				GENERATE_INFOPLIST_FILE = YES;
				IPHONEOS_DEPLOYMENT_TARGET = 15.5;
				MARKETING_VERSION = 1.0;
				PRODUCT_BUNDLE_IDENTIFIER = com.ykpoh.CurrencyAppTests;
				PRODUCT_NAME = "$(TARGET_NAME)";
				SWIFT_EMIT_LOC_STRINGS = NO;
				SWIFT_VERSION = 5.0;
				TARGETED_DEVICE_FAMILY = "1,2";
				TEST_HOST = "$(BUILT_PRODUCTS_DIR)/CurrencyApp.app/CurrencyApp";
			};
			name = Debug;
		};
		1289E92E285482F40039D9BB /* Release */ = {
			isa = XCBuildConfiguration;
			buildSettings = {
				ALWAYS_EMBED_SWIFT_STANDARD_LIBRARIES = YES;
				BUNDLE_LOADER = "$(TEST_HOST)";
				CODE_SIGN_STYLE = Automatic;
				CURRENT_PROJECT_VERSION = 1;
				DEVELOPMENT_TEAM = 59A85D2TBM;
				GENERATE_INFOPLIST_FILE = YES;
				IPHONEOS_DEPLOYMENT_TARGET = 15.5;
				MARKETING_VERSION = 1.0;
				PRODUCT_BUNDLE_IDENTIFIER = com.ykpoh.CurrencyAppTests;
				PRODUCT_NAME = "$(TARGET_NAME)";
				SWIFT_EMIT_LOC_STRINGS = NO;
				SWIFT_VERSION = 5.0;
				TARGETED_DEVICE_FAMILY = "1,2";
				TEST_HOST = "$(BUILT_PRODUCTS_DIR)/CurrencyApp.app/CurrencyApp";
			};
			name = Release;
		};
		1289E930285482F40039D9BB /* Debug */ = {
			isa = XCBuildConfiguration;
			buildSettings = {
				ALWAYS_EMBED_SWIFT_STANDARD_LIBRARIES = YES;
				CODE_SIGN_STYLE = Automatic;
				CURRENT_PROJECT_VERSION = 1;
				DEVELOPMENT_TEAM = 59A85D2TBM;
				GENERATE_INFOPLIST_FILE = YES;
				MARKETING_VERSION = 1.0;
				PRODUCT_BUNDLE_IDENTIFIER = com.ykpoh.CurrencyAppUITests;
				PRODUCT_NAME = "$(TARGET_NAME)";
				SWIFT_EMIT_LOC_STRINGS = NO;
				SWIFT_VERSION = 5.0;
				TARGETED_DEVICE_FAMILY = "1,2";
				TEST_TARGET_NAME = CurrencyApp;
			};
			name = Debug;
		};
		1289E931285482F40039D9BB /* Release */ = {
			isa = XCBuildConfiguration;
			buildSettings = {
				ALWAYS_EMBED_SWIFT_STANDARD_LIBRARIES = YES;
				CODE_SIGN_STYLE = Automatic;
				CURRENT_PROJECT_VERSION = 1;
				DEVELOPMENT_TEAM = 59A85D2TBM;
				GENERATE_INFOPLIST_FILE = YES;
				MARKETING_VERSION = 1.0;
				PRODUCT_BUNDLE_IDENTIFIER = com.ykpoh.CurrencyAppUITests;
				PRODUCT_NAME = "$(TARGET_NAME)";
				SWIFT_EMIT_LOC_STRINGS = NO;
				SWIFT_VERSION = 5.0;
				TARGETED_DEVICE_FAMILY = "1,2";
				TEST_TARGET_NAME = CurrencyApp;
			};
			name = Release;
		};
/* End XCBuildConfiguration section */

/* Begin XCConfigurationList section */
		1289E8FA285482F30039D9BB /* Build configuration list for PBXProject "CurrencyApp" */ = {
			isa = XCConfigurationList;
			buildConfigurations = (
				1289E927285482F40039D9BB /* Debug */,
				1289E928285482F40039D9BB /* Release */,
			);
			defaultConfigurationIsVisible = 0;
			defaultConfigurationName = Release;
		};
		1289E929285482F40039D9BB /* Build configuration list for PBXNativeTarget "CurrencyApp" */ = {
			isa = XCConfigurationList;
			buildConfigurations = (
				1289E92A285482F40039D9BB /* Debug */,
				1289E92B285482F40039D9BB /* Release */,
			);
			defaultConfigurationIsVisible = 0;
			defaultConfigurationName = Release;
		};
		1289E92C285482F40039D9BB /* Build configuration list for PBXNativeTarget "CurrencyAppTests" */ = {
			isa = XCConfigurationList;
			buildConfigurations = (
				1289E92D285482F40039D9BB /* Debug */,
				1289E92E285482F40039D9BB /* Release */,
			);
			defaultConfigurationIsVisible = 0;
			defaultConfigurationName = Release;
		};
		1289E92F285482F40039D9BB /* Build configuration list for PBXNativeTarget "CurrencyAppUITests" */ = {
			isa = XCConfigurationList;
			buildConfigurations = (
				1289E930285482F40039D9BB /* Debug */,
				1289E931285482F40039D9BB /* Release */,
			);
			defaultConfigurationIsVisible = 0;
			defaultConfigurationName = Release;
		};
/* End XCConfigurationList section */
	};
	rootObject = 1289E8F7285482F30039D9BB /* Project object */;
}
