// !$*UTF8*$!
{
	archiveVersion = 1;
	classes = {
	};
	objectVersion = 55;
	objects = {

/* Begin PBXBuildFile section */
		1212B739285B6C8300354356 /* UserDefaultService.swift in Sources */ = {isa = PBXBuildFile; fileRef = 1212B738285B6C8300354356 /* UserDefaultService.swift */; };
		1289E903285482F30039D9BB /* AppDelegate.swift in Sources */ = {isa = PBXBuildFile; fileRef = 1289E902285482F30039D9BB /* AppDelegate.swift */; };
		1289E905285482F30039D9BB /* SceneDelegate.swift in Sources */ = {isa = PBXBuildFile; fileRef = 1289E904285482F30039D9BB /* SceneDelegate.swift */; };
		1289E907285482F30039D9BB /* CurrencyViewController.swift in Sources */ = {isa = PBXBuildFile; fileRef = 1289E906285482F30039D9BB /* CurrencyViewController.swift */; };
		1289E90A285482F30039D9BB /* Main.storyboard in Resources */ = {isa = PBXBuildFile; fileRef = 1289E908285482F30039D9BB /* Main.storyboard */; };
		1289E90C285482F40039D9BB /* Assets.xcassets in Resources */ = {isa = PBXBuildFile; fileRef = 1289E90B285482F40039D9BB /* Assets.xcassets */; };
		1289E90F285482F40039D9BB /* LaunchScreen.storyboard in Resources */ = {isa = PBXBuildFile; fileRef = 1289E90D285482F40039D9BB /* LaunchScreen.storyboard */; };
		1289E9372854AD6B0039D9BB /* CurrencyTests.swift in Sources */ = {isa = PBXBuildFile; fileRef = 1289E9362854AD6B0039D9BB /* CurrencyTests.swift */; };
		1289E93A2854AE2B0039D9BB /* Currencies.json in Resources */ = {isa = PBXBuildFile; fileRef = 1289E9392854AE2B0039D9BB /* Currencies.json */; };
		1289E93D2854AEEB0039D9BB /* Currency.swift in Sources */ = {isa = PBXBuildFile; fileRef = 1289E93C2854AEEB0039D9BB /* Currency.swift */; };
		1289E9422854DC280039D9BB /* OpenExchangeRatesService.swift in Sources */ = {isa = PBXBuildFile; fileRef = 1289E9412854DC280039D9BB /* OpenExchangeRatesService.swift */; };
		1289E94528559C870039D9BB /* Box.swift in Sources */ = {isa = PBXBuildFile; fileRef = 1289E94428559C870039D9BB /* Box.swift */; };
		1289E94828559D070039D9BB /* CurrencyViewModel.swift in Sources */ = {isa = PBXBuildFile; fileRef = 1289E94728559D070039D9BB /* CurrencyViewModel.swift */; };
		1289E9512856F3210039D9BB /* OpenExchangeRatesServiceTests.swift in Sources */ = {isa = PBXBuildFile; fileRef = 1289E9502856F3210039D9BB /* OpenExchangeRatesServiceTests.swift */; };
		1289E9542856F4750039D9BB /* ConvertedAmountViewModel.swift in Sources */ = {isa = PBXBuildFile; fileRef = 1289E9532856F4750039D9BB /* ConvertedAmountViewModel.swift */; };
		1289E95A28577BD60039D9BB /* LatestExchangeRateTests.swift in Sources */ = {isa = PBXBuildFile; fileRef = 1289E95928577BD60039D9BB /* LatestExchangeRateTests.swift */; };
		1289E95D28577C4C0039D9BB /* XCTestCase+Helpers.swift in Sources */ = {isa = PBXBuildFile; fileRef = 1289E95C28577C4C0039D9BB /* XCTestCase+Helpers.swift */; };
		1289E95F28577D1C0039D9BB /* LatestExchangeRate.swift in Sources */ = {isa = PBXBuildFile; fileRef = 1289E95E28577D1C0039D9BB /* LatestExchangeRate.swift */; };
		1289E96128577D7F0039D9BB /* LatestExchangeRate.json in Resources */ = {isa = PBXBuildFile; fileRef = 1289E96028577D7F0039D9BB /* LatestExchangeRate.json */; };
		1289E9642858BCB70039D9BB /* ConvertedAmountCell.swift in Sources */ = {isa = PBXBuildFile; fileRef = 1289E9622858BCB70039D9BB /* ConvertedAmountCell.swift */; };
		1289E9652858BCB70039D9BB /* ConvertedAmountCell.xib in Resources */ = {isa = PBXBuildFile; fileRef = 1289E9632858BCB70039D9BB /* ConvertedAmountCell.xib */; };
		1289E96D285A0DCE0039D9BB /* FileStorageService.swift in Sources */ = {isa = PBXBuildFile; fileRef = 1289E96C285A0DCE0039D9BB /* FileStorageService.swift */; };
		1289E96F285A24C10039D9BB /* ExchangeRate.swift in Sources */ = {isa = PBXBuildFile; fileRef = 1289E96E285A24C10039D9BB /* ExchangeRate.swift */; };
/* End PBXBuildFile section */

/* Begin PBXContainerItemProxy section */
		1289E916285482F40039D9BB /* PBXContainerItemProxy */ = {
			isa = PBXContainerItemProxy;
			containerPortal = 1289E8F7285482F30039D9BB /* Project object */;
			proxyType = 1;
			remoteGlobalIDString = 1289E8FE285482F30039D9BB;
			remoteInfo = CurrencyApp;
		};
/* End PBXContainerItemProxy section */

/* Begin PBXFileReference section */
		1212B738285B6C8300354356 /* UserDefaultService.swift */ = {isa = PBXFileReference; lastKnownFileType = sourcecode.swift; path = UserDefaultService.swift; sourceTree = "<group>"; };
		1289E8FF285482F30039D9BB /* CurrencyApp.app */ = {isa = PBXFileReference; explicitFileType = wrapper.application; includeInIndex = 0; path = CurrencyApp.app; sourceTree = BUILT_PRODUCTS_DIR; };
		1289E902285482F30039D9BB /* AppDelegate.swift */ = {isa = PBXFileReference; lastKnownFileType = sourcecode.swift; path = AppDelegate.swift; sourceTree = "<group>"; };
		1289E904285482F30039D9BB /* SceneDelegate.swift */ = {isa = PBXFileReference; lastKnownFileType = sourcecode.swift; path = SceneDelegate.swift; sourceTree = "<group>"; };
		1289E906285482F30039D9BB /* CurrencyViewController.swift */ = {isa = PBXFileReference; lastKnownFileType = sourcecode.swift; path = CurrencyViewController.swift; sourceTree = "<group>"; };
		1289E909285482F30039D9BB /* Base */ = {isa = PBXFileReference; lastKnownFileType = file.storyboard; name = Base; path = Base.lproj/Main.storyboard; sourceTree = "<group>"; };
		1289E90B285482F40039D9BB /* Assets.xcassets */ = {isa = PBXFileReference; lastKnownFileType = folder.assetcatalog; path = Assets.xcassets; sourceTree = "<group>"; };
		1289E90E285482F40039D9BB /* Base */ = {isa = PBXFileReference; lastKnownFileType = file.storyboard; name = Base; path = Base.lproj/LaunchScreen.storyboard; sourceTree = "<group>"; };
		1289E910285482F40039D9BB /* Info.plist */ = {isa = PBXFileReference; lastKnownFileType = text.plist.xml; path = Info.plist; sourceTree = "<group>"; };
		1289E915285482F40039D9BB /* CurrencyAppTests.xctest */ = {isa = PBXFileReference; explicitFileType = wrapper.cfbundle; includeInIndex = 0; path = CurrencyAppTests.xctest; sourceTree = BUILT_PRODUCTS_DIR; };
		1289E9362854AD6B0039D9BB /* CurrencyTests.swift */ = {isa = PBXFileReference; lastKnownFileType = sourcecode.swift; path = CurrencyTests.swift; sourceTree = "<group>"; };
		1289E9392854AE2B0039D9BB /* Currencies.json */ = {isa = PBXFileReference; fileEncoding = 4; lastKnownFileType = text.json; path = Currencies.json; sourceTree = "<group>"; };
		1289E93C2854AEEB0039D9BB /* Currency.swift */ = {isa = PBXFileReference; lastKnownFileType = sourcecode.swift; path = Currency.swift; sourceTree = "<group>"; };
		1289E9412854DC280039D9BB /* OpenExchangeRatesService.swift */ = {isa = PBXFileReference; lastKnownFileType = sourcecode.swift; path = OpenExchangeRatesService.swift; sourceTree = "<group>"; };
		1289E94428559C870039D9BB /* Box.swift */ = {isa = PBXFileReference; lastKnownFileType = sourcecode.swift; path = Box.swift; sourceTree = "<group>"; };
		1289E94728559D070039D9BB /* CurrencyViewModel.swift */ = {isa = PBXFileReference; lastKnownFileType = sourcecode.swift; path = CurrencyViewModel.swift; sourceTree = "<group>"; };
		1289E9502856F3210039D9BB /* OpenExchangeRatesServiceTests.swift */ = {isa = PBXFileReference; lastKnownFileType = sourcecode.swift; path = OpenExchangeRatesServiceTests.swift; sourceTree = "<group>"; };
		1289E9532856F4750039D9BB /* ConvertedAmountViewModel.swift */ = {isa = PBXFileReference; lastKnownFileType = sourcecode.swift; path = ConvertedAmountViewModel.swift; sourceTree = "<group>"; };
		1289E95928577BD60039D9BB /* LatestExchangeRateTests.swift */ = {isa = PBXFileReference; lastKnownFileType = sourcecode.swift; path = LatestExchangeRateTests.swift; sourceTree = "<group>"; };
		1289E95C28577C4C0039D9BB /* XCTestCase+Helpers.swift */ = {isa = PBXFileReference; lastKnownFileType = sourcecode.swift; path = "XCTestCase+Helpers.swift"; sourceTree = "<group>"; };
		1289E95E28577D1C0039D9BB /* LatestExchangeRate.swift */ = {isa = PBXFileReference; lastKnownFileType = sourcecode.swift; path = LatestExchangeRate.swift; sourceTree = "<group>"; };
		1289E96028577D7F0039D9BB /* LatestExchangeRate.json */ = {isa = PBXFileReference; fileEncoding = 4; lastKnownFileType = text.json; path = LatestExchangeRate.json; sourceTree = "<group>"; };
		1289E9622858BCB70039D9BB /* ConvertedAmountCell.swift */ = {isa = PBXFileReference; lastKnownFileType = sourcecode.swift; path = ConvertedAmountCell.swift; sourceTree = "<group>"; };
		1289E9632858BCB70039D9BB /* ConvertedAmountCell.xib */ = {isa = PBXFileReference; lastKnownFileType = file.xib; path = ConvertedAmountCell.xib; sourceTree = "<group>"; };
		1289E96C285A0DCE0039D9BB /* FileStorageService.swift */ = {isa = PBXFileReference; lastKnownFileType = sourcecode.swift; path = FileStorageService.swift; sourceTree = "<group>"; };
		1289E96E285A24C10039D9BB /* ExchangeRate.swift */ = {isa = PBXFileReference; lastKnownFileType = sourcecode.swift; path = ExchangeRate.swift; sourceTree = "<group>"; };
/* End PBXFileReference section */

/* Begin PBXFrameworksBuildPhase section */
		1289E8FC285482F30039D9BB /* Frameworks */ = {
			isa = PBXFrameworksBuildPhase;
			buildActionMask = 2147483647;
			files = (
			);
			runOnlyForDeploymentPostprocessing = 0;
		};
		1289E912285482F40039D9BB /* Frameworks */ = {
			isa = PBXFrameworksBuildPhase;
			buildActionMask = 2147483647;
			files = (
			);
			runOnlyForDeploymentPostprocessing = 0;
		};
/* End PBXFrameworksBuildPhase section */

/* Begin PBXGroup section */
		1289E8F6285482F30039D9BB = {
			isa = PBXGroup;
			children = (
				1289E901285482F30039D9BB /* CurrencyApp */,
				1289E918285482F40039D9BB /* CurrencyAppTests */,
				1289E900285482F30039D9BB /* Products */,
			);
			sourceTree = "<group>";
		};
		1289E900285482F30039D9BB /* Products */ = {
			isa = PBXGroup;
			children = (
				1289E8FF285482F30039D9BB /* CurrencyApp.app */,
				1289E915285482F40039D9BB /* CurrencyAppTests.xctest */,
			);
			name = Products;
			sourceTree = "<group>";
		};
		1289E901285482F30039D9BB /* CurrencyApp */ = {
			isa = PBXGroup;
			children = (
				1289E94A2855A5CA0039D9BB /* Cells */,
				1289E9492855A3C70039D9BB /* View Controllers */,
				1289E94628559CF30039D9BB /* View Models */,
				1289E94328559C7E0039D9BB /* Utilities */,
				1289E93E2854DAC90039D9BB /* Services */,
				1289E93B2854AEDF0039D9BB /* Models */,
				1289E902285482F30039D9BB /* AppDelegate.swift */,
				1289E904285482F30039D9BB /* SceneDelegate.swift */,
				1289E908285482F30039D9BB /* Main.storyboard */,
				1289E90B285482F40039D9BB /* Assets.xcassets */,
				1289E90D285482F40039D9BB /* LaunchScreen.storyboard */,
				1289E910285482F40039D9BB /* Info.plist */,
			);
			path = CurrencyApp;
			sourceTree = "<group>";
		};
		1289E918285482F40039D9BB /* CurrencyAppTests */ = {
			isa = PBXGroup;
			children = (
				1289E95B28577C2D0039D9BB /* Extensions */,
				1289E9522856F3510039D9BB /* Models */,
				1289E94F2856F2BF0039D9BB /* Services */,
				1289E9382854ADA00039D9BB /* Data */,
			);
			path = CurrencyAppTests;
			sourceTree = "<group>";
		};
		1289E9382854ADA00039D9BB /* Data */ = {
			isa = PBXGroup;
			children = (
				1289E96028577D7F0039D9BB /* LatestExchangeRate.json */,
				1289E9392854AE2B0039D9BB /* Currencies.json */,
			);
			path = Data;
			sourceTree = "<group>";
		};
		1289E93B2854AEDF0039D9BB /* Models */ = {
			isa = PBXGroup;
			children = (
				1289E93C2854AEEB0039D9BB /* Currency.swift */,
				1289E95E28577D1C0039D9BB /* LatestExchangeRate.swift */,
				1289E96E285A24C10039D9BB /* ExchangeRate.swift */,
			);
			path = Models;
			sourceTree = "<group>";
		};
		1289E93E2854DAC90039D9BB /* Services */ = {
			isa = PBXGroup;
			children = (
				1289E9412854DC280039D9BB /* OpenExchangeRatesService.swift */,
				1289E96C285A0DCE0039D9BB /* FileStorageService.swift */,
				1212B738285B6C8300354356 /* UserDefaultService.swift */,
			);
			path = Services;
			sourceTree = "<group>";
		};
		1289E94328559C7E0039D9BB /* Utilities */ = {
			isa = PBXGroup;
			children = (
				1289E94428559C870039D9BB /* Box.swift */,
			);
			path = Utilities;
			sourceTree = "<group>";
		};
		1289E94628559CF30039D9BB /* View Models */ = {
			isa = PBXGroup;
			children = (
				1289E94728559D070039D9BB /* CurrencyViewModel.swift */,
				1289E9532856F4750039D9BB /* ConvertedAmountViewModel.swift */,
			);
			path = "View Models";
			sourceTree = "<group>";
		};
		1289E9492855A3C70039D9BB /* View Controllers */ = {
			isa = PBXGroup;
			children = (
				1289E906285482F30039D9BB /* CurrencyViewController.swift */,
			);
			path = "View Controllers";
			sourceTree = "<group>";
		};
		1289E94A2855A5CA0039D9BB /* Cells */ = {
			isa = PBXGroup;
			children = (
				1289E9622858BCB70039D9BB /* ConvertedAmountCell.swift */,
				1289E9632858BCB70039D9BB /* ConvertedAmountCell.xib */,
			);
			path = Cells;
			sourceTree = "<group>";
		};
		1289E94F2856F2BF0039D9BB /* Services */ = {
			isa = PBXGroup;
			children = (
				1289E9502856F3210039D9BB /* OpenExchangeRatesServiceTests.swift */,
			);
			path = Services;
			sourceTree = "<group>";
		};
		1289E9522856F3510039D9BB /* Models */ = {
			isa = PBXGroup;
			children = (
				1289E9362854AD6B0039D9BB /* CurrencyTests.swift */,
				1289E95928577BD60039D9BB /* LatestExchangeRateTests.swift */,
			);
			path = Models;
			sourceTree = "<group>";
		};
		1289E95B28577C2D0039D9BB /* Extensions */ = {
			isa = PBXGroup;
			children = (
				1289E95C28577C4C0039D9BB /* XCTestCase+Helpers.swift */,
			);
			path = Extensions;
			sourceTree = "<group>";
		};
/* End PBXGroup section */

/* Begin PBXNativeTarget section */
		1289E8FE285482F30039D9BB /* CurrencyApp */ = {
			isa = PBXNativeTarget;
			buildConfigurationList = 1289E929285482F40039D9BB /* Build configuration list for PBXNativeTarget "CurrencyApp" */;
			buildPhases = (
				1289E8FB285482F30039D9BB /* Sources */,
				1289E8FC285482F30039D9BB /* Frameworks */,
				1289E8FD285482F30039D9BB /* Resources */,
			);
			buildRules = (
			);
			dependencies = (
			);
			name = CurrencyApp;
			productName = CurrencyApp;
			productReference = 1289E8FF285482F30039D9BB /* CurrencyApp.app */;
			productType = "com.apple.product-type.application";
		};
		1289E914285482F40039D9BB /* CurrencyAppTests */ = {
			isa = PBXNativeTarget;
			buildConfigurationList = 1289E92C285482F40039D9BB /* Build configuration list for PBXNativeTarget "CurrencyAppTests" */;
			buildPhases = (
				1289E911285482F40039D9BB /* Sources */,
				1289E912285482F40039D9BB /* Frameworks */,
				1289E913285482F40039D9BB /* Resources */,
			);
			buildRules = (
			);
			dependencies = (
				1289E917285482F40039D9BB /* PBXTargetDependency */,
			);
			name = CurrencyAppTests;
			productName = CurrencyAppTests;
			productReference = 1289E915285482F40039D9BB /* CurrencyAppTests.xctest */;
			productType = "com.apple.product-type.bundle.unit-test";
		};
/* End PBXNativeTarget section */

/* Begin PBXProject section */
		1289E8F7285482F30039D9BB /* Project object */ = {
			isa = PBXProject;
			attributes = {
				BuildIndependentTargetsInParallel = 1;
				LastSwiftUpdateCheck = 1340;
				LastUpgradeCheck = 1340;
				TargetAttributes = {
					1289E8FE285482F30039D9BB = {
						CreatedOnToolsVersion = 13.4;
					};
					1289E914285482F40039D9BB = {
						CreatedOnToolsVersion = 13.4;
						LastSwiftMigration = 1340;
						TestTargetID = 1289E8FE285482F30039D9BB;
					};
				};
			};
			buildConfigurationList = 1289E8FA285482F30039D9BB /* Build configuration list for PBXProject "CurrencyApp" */;
			compatibilityVersion = "Xcode 13.0";
			developmentRegion = en;
			hasScannedForEncodings = 0;
			knownRegions = (
				en,
				Base,
			);
			mainGroup = 1289E8F6285482F30039D9BB;
			productRefGroup = 1289E900285482F30039D9BB /* Products */;
			projectDirPath = "";
			projectRoot = "";
			targets = (
				1289E8FE285482F30039D9BB /* CurrencyApp */,
				1289E914285482F40039D9BB /* CurrencyAppTests */,
			);
		};
/* End PBXProject section */

/* Begin PBXResourcesBuildPhase section */
		1289E8FD285482F30039D9BB /* Resources */ = {
			isa = PBXResourcesBuildPhase;
			buildActionMask = 2147483647;
			files = (
				1289E90F285482F40039D9BB /* LaunchScreen.storyboard in Resources */,
				1289E90C285482F40039D9BB /* Assets.xcassets in Resources */,
				1289E9652858BCB70039D9BB /* ConvertedAmountCell.xib in Resources */,
				1289E90A285482F30039D9BB /* Main.storyboard in Resources */,
			);
			runOnlyForDeploymentPostprocessing = 0;
		};
		1289E913285482F40039D9BB /* Resources */ = {
			isa = PBXResourcesBuildPhase;
			buildActionMask = 2147483647;
			files = (
				1289E93A2854AE2B0039D9BB /* Currencies.json in Resources */,
				1289E96128577D7F0039D9BB /* LatestExchangeRate.json in Resources */,
			);
			runOnlyForDeploymentPostprocessing = 0;
		};
/* End PBXResourcesBuildPhase section */

/* Begin PBXSourcesBuildPhase section */
		1289E8FB285482F30039D9BB /* Sources */ = {
			isa = PBXSourcesBuildPhase;
			buildActionMask = 2147483647;
			files = (
				1289E93D2854AEEB0039D9BB /* Currency.swift in Sources */,
				1289E96D285A0DCE0039D9BB /* FileStorageService.swift in Sources */,
				1289E9542856F4750039D9BB /* ConvertedAmountViewModel.swift in Sources */,
				1289E907285482F30039D9BB /* CurrencyViewController.swift in Sources */,
				1289E95F28577D1C0039D9BB /* LatestExchangeRate.swift in Sources */,
				1289E903285482F30039D9BB /* AppDelegate.swift in Sources */,
				1289E94828559D070039D9BB /* CurrencyViewModel.swift in Sources */,
				1289E9642858BCB70039D9BB /* ConvertedAmountCell.swift in Sources */,
				1289E94528559C870039D9BB /* Box.swift in Sources */,
				1212B739285B6C8300354356 /* UserDefaultService.swift in Sources */,
				1289E905285482F30039D9BB /* SceneDelegate.swift in Sources */,
				1289E96F285A24C10039D9BB /* ExchangeRate.swift in Sources */,
				1289E9422854DC280039D9BB /* OpenExchangeRatesService.swift in Sources */,
			);
			runOnlyForDeploymentPostprocessing = 0;
		};
		1289E911285482F40039D9BB /* Sources */ = {
			isa = PBXSourcesBuildPhase;
			buildActionMask = 2147483647;
			files = (
				1289E95D28577C4C0039D9BB /* XCTestCase+Helpers.swift in Sources */,
				1289E9512856F3210039D9BB /* OpenExchangeRatesServiceTests.swift in Sources */,
				1289E95A28577BD60039D9BB /* LatestExchangeRateTests.swift in Sources */,
				1289E9372854AD6B0039D9BB /* CurrencyTests.swift in Sources */,
			);
			runOnlyForDeploymentPostprocessing = 0;
		};
/* End PBXSourcesBuildPhase section */

/* Begin PBXTargetDependency section */
		1289E917285482F40039D9BB /* PBXTargetDependency */ = {
			isa = PBXTargetDependency;
			target = 1289E8FE285482F30039D9BB /* CurrencyApp */;
			targetProxy = 1289E916285482F40039D9BB /* PBXContainerItemProxy */;
		};
/* End PBXTargetDependency section */

/* Begin PBXVariantGroup section */
		1289E908285482F30039D9BB /* Main.storyboard */ = {
			isa = PBXVariantGroup;
			children = (
				1289E909285482F30039D9BB /* Base */,
			);
			name = Main.storyboard;
			sourceTree = "<group>";
		};
		1289E90D285482F40039D9BB /* LaunchScreen.storyboard */ = {
			isa = PBXVariantGroup;
			children = (
				1289E90E285482F40039D9BB /* Base */,
			);
			name = LaunchScreen.storyboard;
			sourceTree = "<group>";
		};
/* End PBXVariantGroup section */

/* Begin XCBuildConfiguration section */
		1289E927285482F40039D9BB /* Debug */ = {
			isa = XCBuildConfiguration;
			buildSettings = {
				ALWAYS_SEARCH_USER_PATHS = NO;
				CLANG_ANALYZER_NONNULL = YES;
				CLANG_ANALYZER_NUMBER_OBJECT_CONVERSION = YES_AGGRESSIVE;
				CLANG_CXX_LANGUAGE_STANDARD = "gnu++17";
				CLANG_ENABLE_MODULES = YES;
				CLANG_ENABLE_OBJC_ARC = YES;
				CLANG_ENABLE_OBJC_WEAK = YES;
				CLANG_WARN_BLOCK_CAPTURE_AUTORELEASING = YES;
				CLANG_WARN_BOOL_CONVERSION = YES;
				CLANG_WARN_COMMA = YES;
				CLANG_WARN_CONSTANT_CONVERSION = YES;
				CLANG_WARN_DEPRECATED_OBJC_IMPLEMENTATIONS = YES;
				CLANG_WARN_DIRECT_OBJC_ISA_USAGE = YES_ERROR;
				CLANG_WARN_DOCUMENTATION_COMMENTS = YES;
				CLANG_WARN_EMPTY_BODY = YES;
				CLANG_WARN_ENUM_CONVERSION = YES;
				CLANG_WARN_INFINITE_RECURSION = YES;
				CLANG_WARN_INT_CONVERSION = YES;
				CLANG_WARN_NON_LITERAL_NULL_CONVERSION = YES;
				CLANG_WARN_OBJC_IMPLICIT_RETAIN_SELF = YES;
				CLANG_WARN_OBJC_LITERAL_CONVERSION = YES;
				CLANG_WARN_OBJC_ROOT_CLASS = YES_ERROR;
				CLANG_WARN_QUOTED_INCLUDE_IN_FRAMEWORK_HEADER = YES;
				CLANG_WARN_RANGE_LOOP_ANALYSIS = YES;
				CLANG_WARN_STRICT_PROTOTYPES = YES;
				CLANG_WARN_SUSPICIOUS_MOVE = YES;
				CLANG_WARN_UNGUARDED_AVAILABILITY = YES_AGGRESSIVE;
				CLANG_WARN_UNREACHABLE_CODE = YES;
				CLANG_WARN__DUPLICATE_METHOD_MATCH = YES;
				COPY_PHASE_STRIP = NO;
				DEBUG_INFORMATION_FORMAT = dwarf;
				ENABLE_STRICT_OBJC_MSGSEND = YES;
				ENABLE_TESTABILITY = YES;
				GCC_C_LANGUAGE_STANDARD = gnu11;
				GCC_DYNAMIC_NO_PIC = NO;
				GCC_NO_COMMON_BLOCKS = YES;
				GCC_OPTIMIZATION_LEVEL = 0;
				GCC_PREPROCESSOR_DEFINITIONS = (
					"DEBUG=1",
					"$(inherited)",
				);
				GCC_WARN_64_TO_32_BIT_CONVERSION = YES;
				GCC_WARN_ABOUT_RETURN_TYPE = YES_ERROR;
				GCC_WARN_UNDECLARED_SELECTOR = YES;
				GCC_WARN_UNINITIALIZED_AUTOS = YES_AGGRESSIVE;
				GCC_WARN_UNUSED_FUNCTION = YES;
				GCC_WARN_UNUSED_VARIABLE = YES;
				IPHONEOS_DEPLOYMENT_TARGET = 15.5;
				MTL_ENABLE_DEBUG_INFO = INCLUDE_SOURCE;
				MTL_FAST_MATH = YES;
				ONLY_ACTIVE_ARCH = YES;
				SDKROOT = iphoneos;
				SWIFT_ACTIVE_COMPILATION_CONDITIONS = DEBUG;
				SWIFT_OPTIMIZATION_LEVEL = "-Onone";
			};
			name = Debug;
		};
		1289E928285482F40039D9BB /* Release */ = {
			isa = XCBuildConfiguration;
			buildSettings = {
				ALWAYS_SEARCH_USER_PATHS = NO;
				CLANG_ANALYZER_NONNULL = YES;
				CLANG_ANALYZER_NUMBER_OBJECT_CONVERSION = YES_AGGRESSIVE;
				CLANG_CXX_LANGUAGE_STANDARD = "gnu++17";
				CLANG_ENABLE_MODULES = YES;
				CLANG_ENABLE_OBJC_ARC = YES;
				CLANG_ENABLE_OBJC_WEAK = YES;
				CLANG_WARN_BLOCK_CAPTURE_AUTORELEASING = YES;
				CLANG_WARN_BOOL_CONVERSION = YES;
				CLANG_WARN_COMMA = YES;
				CLANG_WARN_CONSTANT_CONVERSION = YES;
				CLANG_WARN_DEPRECATED_OBJC_IMPLEMENTATIONS = YES;
				CLANG_WARN_DIRECT_OBJC_ISA_USAGE = YES_ERROR;
				CLANG_WARN_DOCUMENTATION_COMMENTS = YES;
				CLANG_WARN_EMPTY_BODY = YES;
				CLANG_WARN_ENUM_CONVERSION = YES;
				CLANG_WARN_INFINITE_RECURSION = YES;
				CLANG_WARN_INT_CONVERSION = YES;
				CLANG_WARN_NON_LITERAL_NULL_CONVERSION = YES;
				CLANG_WARN_OBJC_IMPLICIT_RETAIN_SELF = YES;
				CLANG_WARN_OBJC_LITERAL_CONVERSION = YES;
				CLANG_WARN_OBJC_ROOT_CLASS = YES_ERROR;
				CLANG_WARN_QUOTED_INCLUDE_IN_FRAMEWORK_HEADER = YES;
				CLANG_WARN_RANGE_LOOP_ANALYSIS = YES;
				CLANG_WARN_STRICT_PROTOTYPES = YES;
				CLANG_WARN_SUSPICIOUS_MOVE = YES;
				CLANG_WARN_UNGUARDED_AVAILABILITY = YES_AGGRESSIVE;
				CLANG_WARN_UNREACHABLE_CODE = YES;
				CLANG_WARN__DUPLICATE_METHOD_MATCH = YES;
				COPY_PHASE_STRIP = NO;
				DEBUG_INFORMATION_FORMAT = "dwarf-with-dsym";
				ENABLE_NS_ASSERTIONS = NO;
				ENABLE_STRICT_OBJC_MSGSEND = YES;
				GCC_C_LANGUAGE_STANDARD = gnu11;
				GCC_NO_COMMON_BLOCKS = YES;
				GCC_WARN_64_TO_32_BIT_CONVERSION = YES;
				GCC_WARN_ABOUT_RETURN_TYPE = YES_ERROR;
				GCC_WARN_UNDECLARED_SELECTOR = YES;
				GCC_WARN_UNINITIALIZED_AUTOS = YES_AGGRESSIVE;
				GCC_WARN_UNUSED_FUNCTION = YES;
				GCC_WARN_UNUSED_VARIABLE = YES;
				IPHONEOS_DEPLOYMENT_TARGET = 15.5;
				MTL_ENABLE_DEBUG_INFO = NO;
				MTL_FAST_MATH = YES;
				SDKROOT = iphoneos;
				SWIFT_COMPILATION_MODE = wholemodule;
				SWIFT_OPTIMIZATION_LEVEL = "-O";
				VALIDATE_PRODUCT = YES;
			};
			name = Release;
		};
		1289E92A285482F40039D9BB /* Debug */ = {
			isa = XCBuildConfiguration;
			buildSettings = {
				ASSETCATALOG_COMPILER_APPICON_NAME = AppIcon;
				ASSETCATALOG_COMPILER_GLOBAL_ACCENT_COLOR_NAME = AccentColor;
				CODE_SIGN_STYLE = Automatic;
				CURRENT_PROJECT_VERSION = 1;
				DEVELOPMENT_TEAM = 59A85D2TBM;
				GENERATE_INFOPLIST_FILE = YES;
				INFOPLIST_FILE = CurrencyApp/Info.plist;
				INFOPLIST_KEY_UIApplicationSupportsIndirectInputEvents = YES;
				INFOPLIST_KEY_UILaunchStoryboardName = LaunchScreen;
				INFOPLIST_KEY_UIMainStoryboardFile = Main;
				INFOPLIST_KEY_UISupportedInterfaceOrientations_iPad = "UIInterfaceOrientationPortrait UIInterfaceOrientationPortraitUpsideDown UIInterfaceOrientationLandscapeLeft UIInterfaceOrientationLandscapeRight";
				INFOPLIST_KEY_UISupportedInterfaceOrientations_iPhone = "UIInterfaceOrientationPortrait UIInterfaceOrientationLandscapeLeft UIInterfaceOrientationLandscapeRight";
				LD_RUNPATH_SEARCH_PATHS = (
					"$(inherited)",
					"@executable_path/Frameworks",
				);
				MARKETING_VERSION = 1.0;
				PRODUCT_BUNDLE_IDENTIFIER = com.ykpoh.CurrencyApp;
				PRODUCT_NAME = "$(TARGET_NAME)";
				SWIFT_EMIT_LOC_STRINGS = YES;
				SWIFT_VERSION = 5.0;
				TARGETED_DEVICE_FAMILY = "1,2";
			};
			name = Debug;
		};
		1289E92B285482F40039D9BB /* Release */ = {
			isa = XCBuildConfiguration;
			buildSettings = {
				ASSETCATALOG_COMPILER_APPICON_NAME = AppIcon;
				ASSETCATALOG_COMPILER_GLOBAL_ACCENT_COLOR_NAME = AccentColor;
				CODE_SIGN_STYLE = Automatic;
				CURRENT_PROJECT_VERSION = 1;
				DEVELOPMENT_TEAM = 59A85D2TBM;
				GENERATE_INFOPLIST_FILE = YES;
				INFOPLIST_FILE = CurrencyApp/Info.plist;
				INFOPLIST_KEY_UIApplicationSupportsIndirectInputEvents = YES;
				INFOPLIST_KEY_UILaunchStoryboardName = LaunchScreen;
				INFOPLIST_KEY_UIMainStoryboardFile = Main;
				INFOPLIST_KEY_UISupportedInterfaceOrientations_iPad = "UIInterfaceOrientationPortrait UIInterfaceOrientationPortraitUpsideDown UIInterfaceOrientationLandscapeLeft UIInterfaceOrientationLandscapeRight";
				INFOPLIST_KEY_UISupportedInterfaceOrientations_iPhone = "UIInterfaceOrientationPortrait UIInterfaceOrientationLandscapeLeft UIInterfaceOrientationLandscapeRight";
				LD_RUNPATH_SEARCH_PATHS = (
					"$(inherited)",
					"@executable_path/Frameworks",
				);
				MARKETING_VERSION = 1.0;
				PRODUCT_BUNDLE_IDENTIFIER = com.ykpoh.CurrencyApp;
				PRODUCT_NAME = "$(TARGET_NAME)";
				SWIFT_EMIT_LOC_STRINGS = YES;
				SWIFT_VERSION = 5.0;
				TARGETED_DEVICE_FAMILY = "1,2";
			};
			name = Release;
		};
		1289E92D285482F40039D9BB /* Debug */ = {
			isa = XCBuildConfiguration;
			buildSettings = {
				ALWAYS_EMBED_SWIFT_STANDARD_LIBRARIES = YES;
				BUNDLE_LOADER = "$(TEST_HOST)";
				CLANG_ENABLE_MODULES = YES;
				CODE_SIGN_STYLE = Automatic;
				CURRENT_PROJECT_VERSION = 1;
				DEVELOPMENT_TEAM = 59A85D2TBM;
				GENERATE_INFOPLIST_FILE = YES;
				IPHONEOS_DEPLOYMENT_TARGET = 15.5;
				LD_RUNPATH_SEARCH_PATHS = (
					"$(inherited)",
					"@executable_path/Frameworks",
					"@loader_path/Frameworks",
				);
				MARKETING_VERSION = 1.0;
				PRODUCT_BUNDLE_IDENTIFIER = com.ykpoh.CurrencyAppTests;
				PRODUCT_NAME = "$(TARGET_NAME)";
				SWIFT_EMIT_LOC_STRINGS = NO;
				SWIFT_OPTIMIZATION_LEVEL = "-Onone";
				SWIFT_VERSION = 5.0;
				TARGETED_DEVICE_FAMILY = "1,2";
				TEST_HOST = "$(BUILT_PRODUCTS_DIR)/CurrencyApp.app/CurrencyApp";
			};
			name = Debug;
		};
		1289E92E285482F40039D9BB /* Release */ = {
			isa = XCBuildConfiguration;
			buildSettings = {
				ALWAYS_EMBED_SWIFT_STANDARD_LIBRARIES = YES;
				BUNDLE_LOADER = "$(TEST_HOST)";
				CLANG_ENABLE_MODULES = YES;
				CODE_SIGN_STYLE = Automatic;
				CURRENT_PROJECT_VERSION = 1;
				DEVELOPMENT_TEAM = 59A85D2TBM;
				GENERATE_INFOPLIST_FILE = YES;
				IPHONEOS_DEPLOYMENT_TARGET = 15.5;
				LD_RUNPATH_SEARCH_PATHS = (
					"$(inherited)",
					"@executable_path/Frameworks",
					"@loader_path/Frameworks",
				);
				MARKETING_VERSION = 1.0;
				PRODUCT_BUNDLE_IDENTIFIER = com.ykpoh.CurrencyAppTests;
				PRODUCT_NAME = "$(TARGET_NAME)";
				SWIFT_EMIT_LOC_STRINGS = NO;
				SWIFT_VERSION = 5.0;
				TARGETED_DEVICE_FAMILY = "1,2";
				TEST_HOST = "$(BUILT_PRODUCTS_DIR)/CurrencyApp.app/CurrencyApp";
			};
			name = Release;
		};
/* End XCBuildConfiguration section */

/* Begin XCConfigurationList section */
		1289E8FA285482F30039D9BB /* Build configuration list for PBXProject "CurrencyApp" */ = {
			isa = XCConfigurationList;
			buildConfigurations = (
				1289E927285482F40039D9BB /* Debug */,
				1289E928285482F40039D9BB /* Release */,
			);
			defaultConfigurationIsVisible = 0;
			defaultConfigurationName = Release;
		};
		1289E929285482F40039D9BB /* Build configuration list for PBXNativeTarget "CurrencyApp" */ = {
			isa = XCConfigurationList;
			buildConfigurations = (
				1289E92A285482F40039D9BB /* Debug */,
				1289E92B285482F40039D9BB /* Release */,
			);
			defaultConfigurationIsVisible = 0;
			defaultConfigurationName = Release;
		};
		1289E92C285482F40039D9BB /* Build configuration list for PBXNativeTarget "CurrencyAppTests" */ = {
			isa = XCConfigurationList;
			buildConfigurations = (
				1289E92D285482F40039D9BB /* Debug */,
				1289E92E285482F40039D9BB /* Release */,
			);
			defaultConfigurationIsVisible = 0;
			defaultConfigurationName = Release;
		};
/* End XCConfigurationList section */
	};
	rootObject = 1289E8F7285482F30039D9BB /* Project object */;
}
